
Microsoft Visual Studio Solution File, Format Version 12.00
# Visual Studio 15
Project("{FAE04EC0-301F-11D3-BF4B-00C04F79EFBC}") = "Assembly-CSharp", "Assembly-CSharp.csproj", "{5C880E91-AC15-A555-6F0B-E5D51CE8DA1D}"
EndProject
Project("{FAE04EC0-301F-11D3-BF4B-00C04F79EFBC}") = "Assembly-CSharp-firstpass", "Assembly-CSharp-firstpass.csproj", "{288A0087-A17B-2055-357F-BF4778D7A3E0}"
EndProject
Global
	GlobalSection(SolutionConfigurationPlatforms) = preSolution
		Debug|Any CPU = Debug|Any CPU
		Release|Any CPU = Release|Any CPU
	EndGlobalSection
	GlobalSection(ProjectConfigurationPlatforms) = postSolution
		{5C880E91-AC15-A555-6F0B-E5D51CE8DA1D}.Debug|Any CPU.ActiveCfg = Debug|Any CPU
		{5C880E91-AC15-A555-6F0B-E5D51CE8DA1D}.Debug|Any CPU.Build.0 = Debug|Any CPU
		{5C880E91-AC15-A555-6F0B-E5D51CE8DA1D}.Release|Any CPU.ActiveCfg = Release|Any CPU
		{5C880E91-AC15-A555-6F0B-E5D51CE8DA1D}.Release|Any CPU.Build.0 = Release|Any CPU
		{288A0087-A17B-2055-357F-BF4778D7A3E0}.Debug|Any CPU.ActiveCfg = Debug|Any CPU
		{288A0087-A17B-2055-357F-BF4778D7A3E0}.Debug|Any CPU.Build.0 = Debug|Any CPU
		{288A0087-A17B-2055-357F-BF4778D7A3E0}.Release|Any CPU.ActiveCfg = Release|Any CPU
		{288A0087-A17B-2055-357F-BF4778D7A3E0}.Release|Any CPU.Build.0 = Release|Any CPU
	EndGlobalSection
	GlobalSection(SolutionProperties) = preSolution
		HideSolutionNode = FALSE
	EndGlobalSection
EndGlobal
